
Microsoft Visual Studio Solution File, Format Version 12.00
# Visual Studio Version 17
VisualStudioVersion = 17.9.34728.123
MinimumVisualStudioVersion = 10.0.40219.1
Project("{FAE04EC0-301F-11D3-BF4B-00C04F79EFBC}") = "Employee Management", "Employee Management\Employee Management.csproj", "{5A43E41D-A3E3-4F57-AE59-AFBF1C2EEABA}"
EndProject
Global
	GlobalSection(SolutionConfigurationPlatforms) = preSolution
		Debug|Any CPU = Debug|Any CPU
		Release|Any CPU = Release|Any CPU
	EndGlobalSection
	GlobalSection(ProjectConfigurationPlatforms) = postSolution
		{5A43E41D-A3E3-4F57-AE59-AFBF1C2EEABA}.Debug|Any CPU.ActiveCfg = Debug|Any CPU
		{5A43E41D-A3E3-4F57-AE59-AFBF1C2EEABA}.Debug|Any CPU.Build.0 = Debug|Any CPU
		{5A43E41D-A3E3-4F57-AE59-AFBF1C2EEABA}.Release|Any CPU.ActiveCfg = Release|Any CPU
		{5A43E41D-A3E3-4F57-AE59-AFBF1C2EEABA}.Release|Any CPU.Build.0 = Release|Any CPU
	EndGlobalSection
	GlobalSection(SolutionProperties) = preSolution
		HideSolutionNode = FALSE
	EndGlobalSection
	GlobalSection(ExtensibilityGlobals) = postSolution
		SolutionGuid = {778D27C2-4FA4-4088-94B8-90756A5E52D9}
	EndGlobalSection
EndGlobal
